// !$*UTF8*$!
{
	archiveVersion = 1;
	classes = {
	};
	objectVersion = 56;
	objects = {

/* Begin PBXBuildFile section */
		1E1CA45029AE69ED00D4A7DD /* SampleBugApp.swift in Sources */ = {isa = PBXBuildFile; fileRef = 1E1CA44F29AE69ED00D4A7DD /* SampleBugApp.swift */; };
		1E1CA45229AE69ED00D4A7DD /* ContentView.swift in Sources */ = {isa = PBXBuildFile; fileRef = 1E1CA45129AE69ED00D4A7DD /* ContentView.swift */; };
		1E1CA45429AE69F200D4A7DD /* Assets.xcassets in Resources */ = {isa = PBXBuildFile; fileRef = 1E1CA45329AE69F200D4A7DD /* Assets.xcassets */; };
		1E1CA45729AE69F200D4A7DD /* Preview Assets.xcassets in Resources */ = {isa = PBXBuildFile; fileRef = 1E1CA45629AE69F200D4A7DD /* Preview Assets.xcassets */; };
		1E1CA45E29AE6A4500D4A7DD /* Model.swift in Sources */ = {isa = PBXBuildFile; fileRef = 1E1CA45D29AE6A4500D4A7DD /* Model.swift */; };
		1E1CA46029AE6A9B00D4A7DD /* ListView.swift in Sources */ = {isa = PBXBuildFile; fileRef = 1E1CA45F29AE6A9B00D4A7DD /* ListView.swift */; };
		1E1CA46229AE6AAB00D4A7DD /* FavoritesView.swift in Sources */ = {isa = PBXBuildFile; fileRef = 1E1CA46129AE6AAB00D4A7DD /* FavoritesView.swift */; };
		1E1CA46429AE6AF600D4A7DD /* ListViewModel.swift in Sources */ = {isa = PBXBuildFile; fileRef = 1E1CA46329AE6AF600D4A7DD /* ListViewModel.swift */; };
		1E1CA46629AE6C3B00D4A7DD /* FavoritesViewModel.swift in Sources */ = {isa = PBXBuildFile; fileRef = 1E1CA46529AE6C3B00D4A7DD /* FavoritesViewModel.swift */; };
/* End PBXBuildFile section */

/* Begin PBXFileReference section */
		1E1CA44C29AE69ED00D4A7DD /* SampleBug.app */ = {isa = PBXFileReference; explicitFileType = wrapper.application; includeInIndex = 0; path = SampleBug.app; sourceTree = BUILT_PRODUCTS_DIR; };
		1E1CA44F29AE69ED00D4A7DD /* SampleBugApp.swift */ = {isa = PBXFileReference; lastKnownFileType = sourcecode.swift; path = SampleBugApp.swift; sourceTree = "<group>"; };
		1E1CA45129AE69ED00D4A7DD /* ContentView.swift */ = {isa = PBXFileReference; lastKnownFileType = sourcecode.swift; path = ContentView.swift; sourceTree = "<group>"; };
		1E1CA45329AE69F200D4A7DD /* Assets.xcassets */ = {isa = PBXFileReference; lastKnownFileType = folder.assetcatalog; path = Assets.xcassets; sourceTree = "<group>"; };
		1E1CA45629AE69F200D4A7DD /* Preview Assets.xcassets */ = {isa = PBXFileReference; lastKnownFileType = folder.assetcatalog; path = "Preview Assets.xcassets"; sourceTree = "<group>"; };
		1E1CA45D29AE6A4500D4A7DD /* Model.swift */ = {isa = PBXFileReference; lastKnownFileType = sourcecode.swift; path = Model.swift; sourceTree = "<group>"; };
		1E1CA45F29AE6A9B00D4A7DD /* ListView.swift */ = {isa = PBXFileReference; lastKnownFileType = sourcecode.swift; path = ListView.swift; sourceTree = "<group>"; };
		1E1CA46129AE6AAB00D4A7DD /* FavoritesView.swift */ = {isa = PBXFileReference; lastKnownFileType = sourcecode.swift; path = FavoritesView.swift; sourceTree = "<group>"; };
		1E1CA46329AE6AF600D4A7DD /* ListViewModel.swift */ = {isa = PBXFileReference; lastKnownFileType = sourcecode.swift; path = ListViewModel.swift; sourceTree = "<group>"; };
		1E1CA46529AE6C3B00D4A7DD /* FavoritesViewModel.swift */ = {isa = PBXFileReference; lastKnownFileType = sourcecode.swift; path = FavoritesViewModel.swift; sourceTree = "<group>"; };
/* End PBXFileReference section */

/* Begin PBXFrameworksBuildPhase section */
		1E1CA44929AE69ED00D4A7DD /* Frameworks */ = {
			isa = PBXFrameworksBuildPhase;
			buildActionMask = 2147483647;
			files = (
			);
			runOnlyForDeploymentPostprocessing = 0;
		};
/* End PBXFrameworksBuildPhase section */

/* Begin PBXGroup section */
		1E1CA44329AE69ED00D4A7DD = {
			isa = PBXGroup;
			children = (
				1E1CA44E29AE69ED00D4A7DD /* SampleBug */,
				1E1CA44D29AE69ED00D4A7DD /* Products */,
			);
			sourceTree = "<group>";
		};
		1E1CA44D29AE69ED00D4A7DD /* Products */ = {
			isa = PBXGroup;
			children = (
				1E1CA44C29AE69ED00D4A7DD /* SampleBug.app */,
			);
			name = Products;
			sourceTree = "<group>";
		};
		1E1CA44E29AE69ED00D4A7DD /* SampleBug */ = {
			isa = PBXGroup;
			children = (
				1E1CA44F29AE69ED00D4A7DD /* SampleBugApp.swift */,
				1E1CA45129AE69ED00D4A7DD /* ContentView.swift */,
				1E1CA45D29AE6A4500D4A7DD /* Model.swift */,
				1E1CA45F29AE6A9B00D4A7DD /* ListView.swift */,
				1E1CA46129AE6AAB00D4A7DD /* FavoritesView.swift */,
				1E1CA46329AE6AF600D4A7DD /* ListViewModel.swift */,
				1E1CA46529AE6C3B00D4A7DD /* FavoritesViewModel.swift */,
				1E1CA45329AE69F200D4A7DD /* Assets.xcassets */,
				1E1CA45529AE69F200D4A7DD /* Preview Content */,
			);
			path = SampleBug;
			sourceTree = "<group>";
		};
		1E1CA45529AE69F200D4A7DD /* Preview Content */ = {
			isa = PBXGroup;
			children = (
				1E1CA45629AE69F200D4A7DD /* Preview Assets.xcassets */,
			);
			path = "Preview Content";
			sourceTree = "<group>";
		};
/* End PBXGroup section */

/* Begin PBXNativeTarget section */
		1E1CA44B29AE69ED00D4A7DD /* SampleBug */ = {
			isa = PBXNativeTarget;
			buildConfigurationList = 1E1CA45A29AE69F200D4A7DD /* Build configuration list for PBXNativeTarget "SampleBug" */;
			buildPhases = (
				1E1CA44829AE69ED00D4A7DD /* Sources */,
				1E1CA44929AE69ED00D4A7DD /* Frameworks */,
				1E1CA44A29AE69ED00D4A7DD /* Resources */,
			);
			buildRules = (
			);
			dependencies = (
			);
			name = SampleBug;
			productName = SampleBug;
			productReference = 1E1CA44C29AE69ED00D4A7DD /* SampleBug.app */;
			productType = "com.apple.product-type.application";
		};
/* End PBXNativeTarget section */

/* Begin PBXProject section */
		1E1CA44429AE69ED00D4A7DD /* Project object */ = {
			isa = PBXProject;
			attributes = {
				BuildIndependentTargetsInParallel = 1;
				LastSwiftUpdateCheck = 1420;
				LastUpgradeCheck = 1420;
				TargetAttributes = {
					1E1CA44B29AE69ED00D4A7DD = {
						CreatedOnToolsVersion = 14.2;
					};
				};
			};
			buildConfigurationList = 1E1CA44729AE69ED00D4A7DD /* Build configuration list for PBXProject "SampleBug" */;
			compatibilityVersion = "Xcode 14.0";
			developmentRegion = en;
			hasScannedForEncodings = 0;
			knownRegions = (
				en,
				Base,
			);
			mainGroup = 1E1CA44329AE69ED00D4A7DD;
			productRefGroup = 1E1CA44D29AE69ED00D4A7DD /* Products */;
			projectDirPath = "";
			projectRoot = "";
			targets = (
				1E1CA44B29AE69ED00D4A7DD /* SampleBug */,
			);
		};
/* End PBXProject section */

/* Begin PBXResourcesBuildPhase section */
		1E1CA44A29AE69ED00D4A7DD /* Resources */ = {
			isa = PBXResourcesBuildPhase;
			buildActionMask = 2147483647;
			files = (
				1E1CA45729AE69F200D4A7DD /* Preview Assets.xcassets in Resources */,
				1E1CA45429AE69F200D4A7DD /* Assets.xcassets in Resources */,
			);
			runOnlyForDeploymentPostprocessing = 0;
		};
/* End PBXResourcesBuildPhase section */

/* Begin PBXSourcesBuildPhase section */
		1E1CA44829AE69ED00D4A7DD /* Sources */ = {
			isa = PBXSourcesBuildPhase;
			buildActionMask = 2147483647;
			files = (
				1E1CA46229AE6AAB00D4A7DD /* FavoritesView.swift in Sources */,
				1E1CA46629AE6C3B00D4A7DD /* FavoritesViewModel.swift in Sources */,
				1E1CA46029AE6A9B00D4A7DD /* ListView.swift in Sources */,
				1E1CA45E29AE6A4500D4A7DD /* Model.swift in Sources */,
				1E1CA45229AE69ED00D4A7DD /* ContentView.swift in Sources */,
				1E1CA46429AE6AF600D4A7DD /* ListViewModel.swift in Sources */,
				1E1CA45029AE69ED00D4A7DD /* SampleBugApp.swift in Sources */,
			);
			runOnlyForDeploymentPostprocessing = 0;
		};
/* End PBXSourcesBuildPhase section */

/* Begin XCBuildConfiguration section */
		1E1CA45829AE69F200D4A7DD /* Debug */ = {
			isa = XCBuildConfiguration;
			buildSettings = {
				ALWAYS_SEARCH_USER_PATHS = NO;
				CLANG_ANALYZER_NONNULL = YES;
				CLANG_ANALYZER_NUMBER_OBJECT_CONVERSION = YES_AGGRESSIVE;
				CLANG_CXX_LANGUAGE_STANDARD = "gnu++20";
				CLANG_ENABLE_MODULES = YES;
				CLANG_ENABLE_OBJC_ARC = YES;
				CLANG_ENABLE_OBJC_WEAK = YES;
				CLANG_WARN_BLOCK_CAPTURE_AUTORELEASING = YES;
				CLANG_WARN_BOOL_CONVERSION = YES;
				CLANG_WARN_COMMA = YES;
				CLANG_WARN_CONSTANT_CONVERSION = YES;
				CLANG_WARN_DEPRECATED_OBJC_IMPLEMENTATIONS = YES;
				CLANG_WARN_DIRECT_OBJC_ISA_USAGE = YES_ERROR;
				CLANG_WARN_DOCUMENTATION_COMMENTS = YES;
				CLANG_WARN_EMPTY_BODY = YES;
				CLANG_WARN_ENUM_CONVERSION = YES;
				CLANG_WARN_INFINITE_RECURSION = YES;
				CLANG_WARN_INT_CONVERSION = YES;
				CLANG_WARN_NON_LITERAL_NULL_CONVERSION = YES;
				CLANG_WARN_OBJC_IMPLICIT_RETAIN_SELF = YES;
				CLANG_WARN_OBJC_LITERAL_CONVERSION = YES;
				CLANG_WARN_OBJC_ROOT_CLASS = YES_ERROR;
				CLANG_WARN_QUOTED_INCLUDE_IN_FRAMEWORK_HEADER = YES;
				CLANG_WARN_RANGE_LOOP_ANALYSIS = YES;
				CLANG_WARN_STRICT_PROTOTYPES = YES;
				CLANG_WARN_SUSPICIOUS_MOVE = YES;
				CLANG_WARN_UNGUARDED_AVAILABILITY = YES_AGGRESSIVE;
				CLANG_WARN_UNREACHABLE_CODE = YES;
				CLANG_WARN__DUPLICATE_METHOD_MATCH = YES;
				COPY_PHASE_STRIP = NO;
				DEBUG_INFORMATION_FORMAT = dwarf;
				ENABLE_STRICT_OBJC_MSGSEND = YES;
				ENABLE_TESTABILITY = YES;
				GCC_C_LANGUAGE_STANDARD = gnu11;
				GCC_DYNAMIC_NO_PIC = NO;
				GCC_NO_COMMON_BLOCKS = YES;
				GCC_OPTIMIZATION_LEVEL = 0;
				GCC_PREPROCESSOR_DEFINITIONS = (
					"DEBUG=1",
					"$(inherited)",
				);
				GCC_WARN_64_TO_32_BIT_CONVERSION = YES;
				GCC_WARN_ABOUT_RETURN_TYPE = YES_ERROR;
				GCC_WARN_UNDECLARED_SELECTOR = YES;
				GCC_WARN_UNINITIALIZED_AUTOS = YES_AGGRESSIVE;
				GCC_WARN_UNUSED_FUNCTION = YES;
				GCC_WARN_UNUSED_VARIABLE = YES;
				IPHONEOS_DEPLOYMENT_TARGET = 16.2;
				MTL_ENABLE_DEBUG_INFO = INCLUDE_SOURCE;
				MTL_FAST_MATH = YES;
				ONLY_ACTIVE_ARCH = YES;
				SDKROOT = iphoneos;
				SWIFT_ACTIVE_COMPILATION_CONDITIONS = DEBUG;
				SWIFT_OPTIMIZATION_LEVEL = "-Onone";
			};
			name = Debug;
		};
		1E1CA45929AE69F200D4A7DD /* Release */ = {
			isa = XCBuildConfiguration;
			buildSettings = {
				ALWAYS_SEARCH_USER_PATHS = NO;
				CLANG_ANALYZER_NONNULL = YES;
				CLANG_ANALYZER_NUMBER_OBJECT_CONVERSION = YES_AGGRESSIVE;
				CLANG_CXX_LANGUAGE_STANDARD = "gnu++20";
				CLANG_ENABLE_MODULES = YES;
				CLANG_ENABLE_OBJC_ARC = YES;
				CLANG_ENABLE_OBJC_WEAK = YES;
				CLANG_WARN_BLOCK_CAPTURE_AUTORELEASING = YES;
				CLANG_WARN_BOOL_CONVERSION = YES;
				CLANG_WARN_COMMA = YES;
				CLANG_WARN_CONSTANT_CONVERSION = YES;
				CLANG_WARN_DEPRECATED_OBJC_IMPLEMENTATIONS = YES;
				CLANG_WARN_DIRECT_OBJC_ISA_USAGE = YES_ERROR;
				CLANG_WARN_DOCUMENTATION_COMMENTS = YES;
				CLANG_WARN_EMPTY_BODY = YES;
				CLANG_WARN_ENUM_CONVERSION = YES;
				CLANG_WARN_INFINITE_RECURSION = YES;
				CLANG_WARN_INT_CONVERSION = YES;
				CLANG_WARN_NON_LITERAL_NULL_CONVERSION = YES;
				CLANG_WARN_OBJC_IMPLICIT_RETAIN_SELF = YES;
				CLANG_WARN_OBJC_LITERAL_CONVERSION = YES;
				CLANG_WARN_OBJC_ROOT_CLASS = YES_ERROR;
				CLANG_WARN_QUOTED_INCLUDE_IN_FRAMEWORK_HEADER = YES;
				CLANG_WARN_RANGE_LOOP_ANALYSIS = YES;
				CLANG_WARN_STRICT_PROTOTYPES = YES;
				CLANG_WARN_SUSPICIOUS_MOVE = YES;
				CLANG_WARN_UNGUARDED_AVAILABILITY = YES_AGGRESSIVE;
				CLANG_WARN_UNREACHABLE_CODE = YES;
				CLANG_WARN__DUPLICATE_METHOD_MATCH = YES;
				COPY_PHASE_STRIP = NO;
				DEBUG_INFORMATION_FORMAT = "dwarf-with-dsym";
				ENABLE_NS_ASSERTIONS = NO;
				ENABLE_STRICT_OBJC_MSGSEND = YES;
				GCC_C_LANGUAGE_STANDARD = gnu11;
				GCC_NO_COMMON_BLOCKS = YES;
				GCC_WARN_64_TO_32_BIT_CONVERSION = YES;
				GCC_WARN_ABOUT_RETURN_TYPE = YES_ERROR;
				GCC_WARN_UNDECLARED_SELECTOR = YES;
				GCC_WARN_UNINITIALIZED_AUTOS = YES_AGGRESSIVE;
				GCC_WARN_UNUSED_FUNCTION = YES;
				GCC_WARN_UNUSED_VARIABLE = YES;
				IPHONEOS_DEPLOYMENT_TARGET = 16.2;
				MTL_ENABLE_DEBUG_INFO = NO;
				MTL_FAST_MATH = YES;
				SDKROOT = iphoneos;
				SWIFT_COMPILATION_MODE = wholemodule;
				SWIFT_OPTIMIZATION_LEVEL = "-O";
				VALIDATE_PRODUCT = YES;
			};
			name = Release;
		};
		1E1CA45B29AE69F200D4A7DD /* Debug */ = {
			isa = XCBuildConfiguration;
			buildSettings = {
				ASSETCATALOG_COMPILER_APPICON_NAME = AppIcon;
				ASSETCATALOG_COMPILER_GLOBAL_ACCENT_COLOR_NAME = AccentColor;
				CODE_SIGN_STYLE = Automatic;
				CURRENT_PROJECT_VERSION = 1;
				DEVELOPMENT_ASSET_PATHS = "\"SampleBug/Preview Content\"";
				DEVELOPMENT_TEAM = TV3LJW48A5;
				ENABLE_PREVIEWS = YES;
				GENERATE_INFOPLIST_FILE = YES;
				INFOPLIST_KEY_UIApplicationSceneManifest_Generation = YES;
				INFOPLIST_KEY_UIApplicationSupportsIndirectInputEvents = YES;
				INFOPLIST_KEY_UILaunchScreen_Generation = YES;
				INFOPLIST_KEY_UISupportedInterfaceOrientations_iPad = "UIInterfaceOrientationPortrait UIInterfaceOrientationPortraitUpsideDown UIInterfaceOrientationLandscapeLeft UIInterfaceOrientationLandscapeRight";
				INFOPLIST_KEY_UISupportedInterfaceOrientations_iPhone = "UIInterfaceOrientationPortrait UIInterfaceOrientationLandscapeLeft UIInterfaceOrientationLandscapeRight";
				LD_RUNPATH_SEARCH_PATHS = (
					"$(inherited)",
					"@executable_path/Frameworks",
				);
				MARKETING_VERSION = 1.0;
				PRODUCT_BUNDLE_IDENTIFIER = io.lorenzoboaro.SampleBug;
				PRODUCT_NAME = "$(TARGET_NAME)";
				SWIFT_EMIT_LOC_STRINGS = YES;
				SWIFT_VERSION = 5.0;
				TARGETED_DEVICE_FAMILY = "1,2";
			};
			name = Debug;
		};
		1E1CA45C29AE69F200D4A7DD /* Release */ = {
			isa = XCBuildConfiguration;
			buildSettings = {
				ASSETCATALOG_COMPILER_APPICON_NAME = AppIcon;
				ASSETCATALOG_COMPILER_GLOBAL_ACCENT_COLOR_NAME = AccentColor;
				CODE_SIGN_STYLE = Automatic;
				CURRENT_PROJECT_VERSION = 1;
				DEVELOPMENT_ASSET_PATHS = "\"SampleBug/Preview Content\"";
				DEVELOPMENT_TEAM = TV3LJW48A5;
				ENABLE_PREVIEWS = YES;
				GENERATE_INFOPLIST_FILE = YES;
				INFOPLIST_KEY_UIApplicationSceneManifest_Generation = YES;
				INFOPLIST_KEY_UIApplicationSupportsIndirectInputEvents = YES;
				INFOPLIST_KEY_UILaunchScreen_Generation = YES;
				INFOPLIST_KEY_UISupportedInterfaceOrientations_iPad = "UIInterfaceOrientationPortrait UIInterfaceOrientationPortraitUpsideDown UIInterfaceOrientationLandscapeLeft UIInterfaceOrientationLandscapeRight";
				INFOPLIST_KEY_UISupportedInterfaceOrientations_iPhone = "UIInterfaceOrientationPortrait UIInterfaceOrientationLandscapeLeft UIInterfaceOrientationLandscapeRight";
				LD_RUNPATH_SEARCH_PATHS = (
					"$(inherited)",
					"@executable_path/Frameworks",
				);
				MARKETING_VERSION = 1.0;
				PRODUCT_BUNDLE_IDENTIFIER = io.lorenzoboaro.SampleBug;
				PRODUCT_NAME = "$(TARGET_NAME)";
				SWIFT_EMIT_LOC_STRINGS = YES;
				SWIFT_VERSION = 5.0;
				TARGETED_DEVICE_FAMILY = "1,2";
			};
			name = Release;
		};
/* End XCBuildConfiguration section */

/* Begin XCConfigurationList section */
		1E1CA44729AE69ED00D4A7DD /* Build configuration list for PBXProject "SampleBug" */ = {
			isa = XCConfigurationList;
			buildConfigurations = (
				1E1CA45829AE69F200D4A7DD /* Debug */,
				1E1CA45929AE69F200D4A7DD /* Release */,
			);
			defaultConfigurationIsVisible = 0;
			defaultConfigurationName = Release;
		};
		1E1CA45A29AE69F200D4A7DD /* Build configuration list for PBXNativeTarget "SampleBug" */ = {
			isa = XCConfigurationList;
			buildConfigurations = (
				1E1CA45B29AE69F200D4A7DD /* Debug */,
				1E1CA45C29AE69F200D4A7DD /* Release */,
			);
			defaultConfigurationIsVisible = 0;
			defaultConfigurationName = Release;
		};
/* End XCConfigurationList section */
	};
	rootObject = 1E1CA44429AE69ED00D4A7DD /* Project object */;
}
